
Microsoft Visual Studio Solution File, Format Version 12.00
# Visual Studio Version 17
VisualStudioVersion = 17.9.34902.65
MinimumVisualStudioVersion = 10.0.40219.1
Project("{9A19103F-16F7-4668-BE54-9A1E7A4F7556}") = "opencv", "opencv\opencv.csproj", "{F689E3D9-EEB4-42C1-A18E-C56E373614D9}"
EndProject
Global
	GlobalSection(SolutionConfigurationPlatforms) = preSolution
		Debug|Any CPU = Debug|Any CPU
		Release|Any CPU = Release|Any CPU
	EndGlobalSection
	GlobalSection(ProjectConfigurationPlatforms) = postSolution
		{F689E3D9-EEB4-42C1-A18E-C56E373614D9}.Debug|Any CPU.ActiveCfg = Debug|Any CPU
		{F689E3D9-EEB4-42C1-A18E-C56E373614D9}.Debug|Any CPU.Build.0 = Debug|Any CPU
		{F689E3D9-EEB4-42C1-A18E-C56E373614D9}.Release|Any CPU.ActiveCfg = Release|Any CPU
		{F689E3D9-EEB4-42C1-A18E-C56E373614D9}.Release|Any CPU.Build.0 = Release|Any CPU
	EndGlobalSection
	GlobalSection(SolutionProperties) = preSolution
		HideSolutionNode = FALSE
	EndGlobalSection
	GlobalSection(ExtensibilityGlobals) = postSolution
		SolutionGuid = {13AE0E51-FE73-426E-B1F0-145A8B0BEDEF}
	EndGlobalSection
EndGlobal
